// !$*UTF8*$!
{
	archiveVersion = 1;
	classes = {
	};
	objectVersion = 46;
	objects = {

/* Begin PBXBuildFile section */
		23AE5E531F16F4460066570D /* AppDelegate.swift in Sources */ = {isa = PBXBuildFile; fileRef = 23AE5E521F16F4460066570D /* AppDelegate.swift */; };
		23AE5E551F16F4460066570D /* ViewController.swift in Sources */ = {isa = PBXBuildFile; fileRef = 23AE5E541F16F4460066570D /* ViewController.swift */; };
		23AE5E581F16F4460066570D /* Main.storyboard in Resources */ = {isa = PBXBuildFile; fileRef = 23AE5E561F16F4460066570D /* Main.storyboard */; };
		23AE5E5A1F16F4460066570D /* Assets.xcassets in Resources */ = {isa = PBXBuildFile; fileRef = 23AE5E591F16F4460066570D /* Assets.xcassets */; };
		23AE5E5D1F16F4460066570D /* LaunchScreen.storyboard in Resources */ = {isa = PBXBuildFile; fileRef = 23AE5E5B1F16F4460066570D /* LaunchScreen.storyboard */; };
/* End PBXBuildFile section */

/* Begin PBXFileReference section */
		23AE5E4F1F16F4460066570D /* KeyboardNotification.app */ = {isa = PBXFileReference; explicitFileType = wrapper.application; includeInIndex = 0; path = KeyboardNotification.app; sourceTree = BUILT_PRODUCTS_DIR; };
		23AE5E521F16F4460066570D /* AppDelegate.swift */ = {isa = PBXFileReference; lastKnownFileType = sourcecode.swift; path = AppDelegate.swift; sourceTree = "<group>"; };
		23AE5E541F16F4460066570D /* ViewController.swift */ = {isa = PBXFileReference; lastKnownFileType = sourcecode.swift; path = ViewController.swift; sourceTree = "<group>"; };
		23AE5E571F16F4460066570D /* Base */ = {isa = PBXFileReference; lastKnownFileType = file.storyboard; name = Base; path = Base.lproj/Main.storyboard; sourceTree = "<group>"; };
		23AE5E591F16F4460066570D /* Assets.xcassets */ = {isa = PBXFileReference; lastKnownFileType = folder.assetcatalog; path = Assets.xcassets; sourceTree = "<group>"; };
		23AE5E5C1F16F4460066570D /* Base */ = {isa = PBXFileReference; lastKnownFileType = file.storyboard; name = Base; path = Base.lproj/LaunchScreen.storyboard; sourceTree = "<group>"; };
		23AE5E5E1F16F4460066570D /* Info.plist */ = {isa = PBXFileReference; lastKnownFileType = text.plist.xml; path = Info.plist; sourceTree = "<group>"; };
/* End PBXFileReference section */

/* Begin PBXFrameworksBuildPhase section */
		23AE5E4C1F16F4460066570D /* Frameworks */ = {
			isa = PBXFrameworksBuildPhase;
			buildActionMask = 2147483647;
			files = (
			);
			runOnlyForDeploymentPostprocessing = 0;
		};
/* End PBXFrameworksBuildPhase section */

/* Begin PBXGroup section */
		23AE5E461F16F4460066570D = {
			isa = PBXGroup;
			children = (
				23AE5E511F16F4460066570D /* KeyboardNotification */,
				23AE5E501F16F4460066570D /* Products */,
			);
			sourceTree = "<group>";
		};
		23AE5E501F16F4460066570D /* Products */ = {
			isa = PBXGroup;
			children = (
				23AE5E4F1F16F4460066570D /* KeyboardNotification.app */,
			);
			name = Products;
			sourceTree = "<group>";
		};
		23AE5E511F16F4460066570D /* KeyboardNotification */ = {
			isa = PBXGroup;
			children = (
				23AE5E521F16F4460066570D /* AppDelegate.swift */,
				23AE5E541F16F4460066570D /* ViewController.swift */,
				23AE5E561F16F4460066570D /* Main.storyboard */,
				23AE5E591F16F4460066570D /* Assets.xcassets */,
				23AE5E5B1F16F4460066570D /* LaunchScreen.storyboard */,
				23AE5E5E1F16F4460066570D /* Info.plist */,
			);
			path = KeyboardNotification;
			sourceTree = "<group>";
		};
/* End PBXGroup section */

/* Begin PBXNativeTarget section */
		23AE5E4E1F16F4460066570D /* KeyboardNotification */ = {
			isa = PBXNativeTarget;
			buildConfigurationList = 23AE5E611F16F4460066570D /* Build configuration list for PBXNativeTarget "KeyboardNotification" */;
			buildPhases = (
				23AE5E4B1F16F4460066570D /* Sources */,
				23AE5E4C1F16F4460066570D /* Frameworks */,
				23AE5E4D1F16F4460066570D /* Resources */,
			);
			buildRules = (
			);
			dependencies = (
			);
			name = KeyboardNotification;
			productName = KeyboardNotification;
			productReference = 23AE5E4F1F16F4460066570D /* KeyboardNotification.app */;
			productType = "com.apple.product-type.application";
		};
/* End PBXNativeTarget section */

/* Begin PBXProject section */
		23AE5E471F16F4460066570D /* Project object */ = {
			isa = PBXProject;
			attributes = {
				LastSwiftUpdateCheck = 0830;
				LastUpgradeCheck = 0830;
				ORGANIZATIONNAME = "ra-mentukemen";
				TargetAttributes = {
					23AE5E4E1F16F4460066570D = {
						CreatedOnToolsVersion = 8.3.3;
						ProvisioningStyle = Manual;
					};
				};
			};
			buildConfigurationList = 23AE5E4A1F16F4460066570D /* Build configuration list for PBXProject "KeyboardNotification" */;
			compatibilityVersion = "Xcode 3.2";
			developmentRegion = English;
			hasScannedForEncodings = 0;
			knownRegions = (
				en,
				Base,
			);
			mainGroup = 23AE5E461F16F4460066570D;
			productRefGroup = 23AE5E501F16F4460066570D /* Products */;
			projectDirPath = "";
			projectRoot = "";
			targets = (
				23AE5E4E1F16F4460066570D /* KeyboardNotification */,
			);
		};
/* End PBXProject section */

/* Begin PBXResourcesBuildPhase section */
		23AE5E4D1F16F4460066570D /* Resources */ = {
			isa = PBXResourcesBuildPhase;
			buildActionMask = 2147483647;
			files = (
				23AE5E5D1F16F4460066570D /* LaunchScreen.storyboard in Resources */,
				23AE5E5A1F16F4460066570D /* Assets.xcassets in Resources */,
				23AE5E581F16F4460066570D /* Main.storyboard in Resources */,
			);
			runOnlyForDeploymentPostprocessing = 0;
		};
/* End PBXResourcesBuildPhase section */

/* Begin PBXSourcesBuildPhase section */
		23AE5E4B1F16F4460066570D /* Sources */ = {
			isa = PBXSourcesBuildPhase;
			buildActionMask = 2147483647;
			files = (
				23AE5E551F16F4460066570D /* ViewController.swift in Sources */,
				23AE5E531F16F4460066570D /* AppDelegate.swift in Sources */,
			);
			runOnlyForDeploymentPostprocessing = 0;
		};
/* End PBXSourcesBuildPhase section */

/* Begin PBXVariantGroup section */
		23AE5E561F16F4460066570D /* Main.storyboard */ = {
			isa = PBXVariantGroup;
			children = (
				23AE5E571F16F4460066570D /* Base */,
			);
			name = Main.storyboard;
			sourceTree = "<group>";
		};
		23AE5E5B1F16F4460066570D /* LaunchScreen.storyboard */ = {
			isa = PBXVariantGroup;
			children = (
				23AE5E5C1F16F4460066570D /* Base */,
			);
			name = LaunchScreen.storyboard;
			sourceTree = "<group>";
		};
/* End PBXVariantGroup section */

/* Begin XCBuildConfiguration section */
		23AE5E5F1F16F4460066570D /* Debug */ = {
			isa = XCBuildConfiguration;
			buildSettings = {
				ALWAYS_SEARCH_USER_PATHS = NO;
				CLANG_ANALYZER_NONNULL = YES;
				CLANG_ANALYZER_NUMBER_OBJECT_CONVERSION = YES_AGGRESSIVE;
				CLANG_CXX_LANGUAGE_STANDARD = "gnu++0x";
				CLANG_CXX_LIBRARY = "libc++";
				CLANG_ENABLE_MODULES = YES;
				CLANG_ENABLE_OBJC_ARC = YES;
				CLANG_WARN_BOOL_CONVERSION = YES;
				CLANG_WARN_CONSTANT_CONVERSION = YES;
				CLANG_WARN_DIRECT_OBJC_ISA_USAGE = YES_ERROR;
				CLANG_WARN_DOCUMENTATION_COMMENTS = YES;
				CLANG_WARN_EMPTY_BODY = YES;
				CLANG_WARN_ENUM_CONVERSION = YES;
				CLANG_WARN_INFINITE_RECURSION = YES;
				CLANG_WARN_INT_CONVERSION = YES;
				CLANG_WARN_OBJC_ROOT_CLASS = YES_ERROR;
				CLANG_WARN_SUSPICIOUS_MOVE = YES;
				CLANG_WARN_UNREACHABLE_CODE = YES;
				CLANG_WARN__DUPLICATE_METHOD_MATCH = YES;
				"CODE_SIGN_IDENTITY[sdk=iphoneos*]" = "iPhone Developer";
				COPY_PHASE_STRIP = NO;
				DEBUG_INFORMATION_FORMAT = dwarf;
				ENABLE_STRICT_OBJC_MSGSEND = YES;
				ENABLE_TESTABILITY = YES;
				GCC_C_LANGUAGE_STANDARD = gnu99;
				GCC_DYNAMIC_NO_PIC = NO;
				GCC_NO_COMMON_BLOCKS = YES;
				GCC_OPTIMIZATION_LEVEL = 0;
				GCC_PREPROCESSOR_DEFINITIONS = (
					"DEBUG=1",
					"$(inherited)",
				);
				GCC_WARN_64_TO_32_BIT_CONVERSION = YES;
				GCC_WARN_ABOUT_RETURN_TYPE = YES_ERROR;
				GCC_WARN_UNDECLARED_SELECTOR = YES;
				GCC_WARN_UNINITIALIZED_AUTOS = YES_AGGRESSIVE;
				GCC_WARN_UNUSED_FUNCTION = YES;
				GCC_WARN_UNUSED_VARIABLE = YES;
				IPHONEOS_DEPLOYMENT_TARGET = 10.3;
				MTL_ENABLE_DEBUG_INFO = YES;
				ONLY_ACTIVE_ARCH = YES;
				SDKROOT = iphoneos;
				SWIFT_ACTIVE_COMPILATION_CONDITIONS = DEBUG;
				SWIFT_OPTIMIZATION_LEVEL = "-Onone";
				TARGETED_DEVICE_FAMILY = "1,2";
			};
			name = Debug;
		};
		23AE5E601F16F4460066570D /* Release */ = {
			isa = XCBuildConfiguration;
			buildSettings = {
				ALWAYS_SEARCH_USER_PATHS = NO;
				CLANG_ANALYZER_NONNULL = YES;
				CLANG_ANALYZER_NUMBER_OBJECT_CONVERSION = YES_AGGRESSIVE;
				CLANG_CXX_LANGUAGE_STANDARD = "gnu++0x";
				CLANG_CXX_LIBRARY = "libc++";
				CLANG_ENABLE_MODULES = YES;
				CLANG_ENABLE_OBJC_ARC = YES;
				CLANG_WARN_BOOL_CONVERSION = YES;
				CLANG_WARN_CONSTANT_CONVERSION = YES;
				CLANG_WARN_DIRECT_OBJC_ISA_USAGE = YES_ERROR;
				CLANG_WARN_DOCUMENTATION_COMMENTS = YES;
				CLANG_WARN_EMPTY_BODY = YES;
				CLANG_WARN_ENUM_CONVERSION = YES;
				CLANG_WARN_INFINITE_RECURSION = YES;
				CLANG_WARN_INT_CONVERSION = YES;
				CLANG_WARN_OBJC_ROOT_CLASS = YES_ERROR;
				CLANG_WARN_SUSPICIOUS_MOVE = YES;
				CLANG_WARN_UNREACHABLE_CODE = YES;
				CLANG_WARN__DUPLICATE_METHOD_MATCH = YES;
				"CODE_SIGN_IDENTITY[sdk=iphoneos*]" = "iPhone Developer";
				COPY_PHASE_STRIP = NO;
				DEBUG_INFORMATION_FORMAT = "dwarf-with-dsym";
				ENABLE_NS_ASSERTIONS = NO;
				ENABLE_STRICT_OBJC_MSGSEND = YES;
				GCC_C_LANGUAGE_STANDARD = gnu99;
				GCC_NO_COMMON_BLOCKS = YES;
				GCC_WARN_64_TO_32_BIT_CONVERSION = YES;
				GCC_WARN_ABOUT_RETURN_TYPE = YES_ERROR;
				GCC_WARN_UNDECLARED_SELECTOR = YES;
				GCC_WARN_UNINITIALIZED_AUTOS = YES_AGGRESSIVE;
				GCC_WARN_UNUSED_FUNCTION = YES;
				GCC_WARN_UNUSED_VARIABLE = YES;
				IPHONEOS_DEPLOYMENT_TARGET = 10.3;
				MTL_ENABLE_DEBUG_INFO = NO;
				SDKROOT = iphoneos;
				SWIFT_OPTIMIZATION_LEVEL = "-Owholemodule";
				TARGETED_DEVICE_FAMILY = "1,2";
				VALIDATE_PRODUCT = YES;
			};
			name = Release;
		};
		23AE5E621F16F4460066570D /* Debug */ = {
			isa = XCBuildConfiguration;
			buildSettings = {
				ASSETCATALOG_COMPILER_APPICON_NAME = AppIcon;
				DEVELOPMENT_TEAM = "";
				INFOPLIST_FILE = KeyboardNotification/Info.plist;
				LD_RUNPATH_SEARCH_PATHS = "$(inherited) @executable_path/Frameworks";
				PRODUCT_BUNDLE_IDENTIFIER = jp.KeyboardNotification;
				PRODUCT_NAME = "$(TARGET_NAME)";
				PROVISIONING_PROFILE_SPECIFIER = "";
				SWIFT_VERSION = 3.0;
			};
			name = Debug;
		};
		23AE5E631F16F4460066570D /* Release */ = {
			isa = XCBuildConfiguration;
			buildSettings = {
				ASSETCATALOG_COMPILER_APPICON_NAME = AppIcon;
				DEVELOPMENT_TEAM = "";
				INFOPLIST_FILE = KeyboardNotification/Info.plist;
				LD_RUNPATH_SEARCH_PATHS = "$(inherited) @executable_path/Frameworks";
				PRODUCT_BUNDLE_IDENTIFIER = jp.KeyboardNotification;
				PRODUCT_NAME = "$(TARGET_NAME)";
				PROVISIONING_PROFILE_SPECIFIER = "";
				SWIFT_VERSION = 3.0;
			};
			name = Release;
		};
/* End XCBuildConfiguration section */

/* Begin XCConfigurationList section */
		23AE5E4A1F16F4460066570D /* Build configuration list for PBXProject "KeyboardNotification" */ = {
			isa = XCConfigurationList;
			buildConfigurations = (
				23AE5E5F1F16F4460066570D /* Debug */,
				23AE5E601F16F4460066570D /* Release */,
			);
			defaultConfigurationIsVisible = 0;
			defaultConfigurationName = Release;
		};
		23AE5E611F16F4460066570D /* Build configuration list for PBXNativeTarget "KeyboardNotification" */ = {
			isa = XCConfigurationList;
			buildConfigurations = (
				23AE5E621F16F4460066570D /* Debug */,
				23AE5E631F16F4460066570D /* Release */,
			);
			defaultConfigurationIsVisible = 0;
		};
/* End XCConfigurationList section */
	};
	rootObject = 23AE5E471F16F4460066570D /* Project object */;
}
